
Microsoft Visual Studio Solution File, Format Version 12.00
# Visual Studio Version 17
VisualStudioVersion = 17.13.35818.85
MinimumVisualStudioVersion = 10.0.40219.1
Project("{FAE04EC0-301F-11D3-BF4B-00C04F79EFBC}") = "AvaloniaDemonstration", "AvaloniaDemonstration\AvaloniaDemonstration.csproj", "{8D3628C8-75E9-4070-8C31-D5D7B663DAB8}"
EndProject
Project("{FAE04EC0-301F-11D3-BF4B-00C04F79EFBC}") = "R2000Wpf", "R2000Wpf\R2000Wpf.csproj", "{F68A32E5-26DB-4ED4-A11E-6CE61D4EA213}"
EndProject
Project("{2150E333-8FDC-42A3-9474-1A3956D46DE8}") = "Tests", "Tests", "{02EA681E-C7D8-13C7-8484-4AC65E1B71E8}"
EndProject
Project("{2150E333-8FDC-42A3-9474-1A3956D46DE8}") = "R2000Learn", "R2000Learn", "{8660CEC3-9E8A-41FB-A0EB-B728CD811EE2}"
EndProject
Project("{2150E333-8FDC-42A3-9474-1A3956D46DE8}") = "Libraries", "Libraries", "{014F7562-9BC9-443B-99DC-A9014B37D4C9}"
EndProject
Project("{FAE04EC0-301F-11D3-BF4B-00C04F79EFBC}") = "CameraLib", "Libraries\CameraLib\CameraLib.csproj", "{8049728E-B7C2-C9E2-C272-F820509DAFF9}"
EndProject
Project("{FAE04EC0-301F-11D3-BF4B-00C04F79EFBC}") = "Core", "Libraries\Core\Core.csproj", "{4B9D02E3-14D2-6279-79F7-CB0BDD485031}"
EndProject
Project("{FAE04EC0-301F-11D3-BF4B-00C04F79EFBC}") = "SamplesAndConcepts", "R2000Learn\SampelsAndConsepts\SamplesAndConcepts.csproj", "{32BCBF14-83C7-E972-CD9A-848E8E6F9153}"
EndProject
Project("{FAE04EC0-301F-11D3-BF4B-00C04F79EFBC}") = "XUnitTestProject", "Tests\XUnitTestProject\XUnitTestProject.csproj", "{90683245-B874-F8E3-0B66-34A2F894CB8A}"
EndProject
Project("{FAE04EC0-301F-11D3-BF4B-00C04F79EFBC}") = "NUnitTestProject", "Tests\NUnitTestProject\NUnitTestProject.csproj", "{4EDE7600-61E2-0F6E-69C8-71291C12ADC5}"
EndProject
Project("{FAE04EC0-301F-11D3-BF4B-00C04F79EFBC}") = "DataBaseActivation", "Tests\DataBaseActivation\DataBaseActivation.csproj", "{9B6E42A8-4829-EFD9-39A0-1B7DD8CC78D5}"
EndProject
Global
	GlobalSection(SolutionConfigurationPlatforms) = preSolution
		Debug|Any CPU = Debug|Any CPU
		Release|Any CPU = Release|Any CPU
	EndGlobalSection
	GlobalSection(ProjectConfigurationPlatforms) = postSolution
		{8D3628C8-75E9-4070-8C31-D5D7B663DAB8}.Debug|Any CPU.ActiveCfg = Debug|Any CPU
		{8D3628C8-75E9-4070-8C31-D5D7B663DAB8}.Debug|Any CPU.Build.0 = Debug|Any CPU
		{8D3628C8-75E9-4070-8C31-D5D7B663DAB8}.Release|Any CPU.ActiveCfg = Release|Any CPU
		{8D3628C8-75E9-4070-8C31-D5D7B663DAB8}.Release|Any CPU.Build.0 = Release|Any CPU
		{F68A32E5-26DB-4ED4-A11E-6CE61D4EA213}.Debug|Any CPU.ActiveCfg = Debug|Any CPU
		{F68A32E5-26DB-4ED4-A11E-6CE61D4EA213}.Debug|Any CPU.Build.0 = Debug|Any CPU
		{F68A32E5-26DB-4ED4-A11E-6CE61D4EA213}.Release|Any CPU.ActiveCfg = Release|Any CPU
		{F68A32E5-26DB-4ED4-A11E-6CE61D4EA213}.Release|Any CPU.Build.0 = Release|Any CPU
		{8049728E-B7C2-C9E2-C272-F820509DAFF9}.Debug|Any CPU.ActiveCfg = Debug|Any CPU
		{8049728E-B7C2-C9E2-C272-F820509DAFF9}.Debug|Any CPU.Build.0 = Debug|Any CPU
		{8049728E-B7C2-C9E2-C272-F820509DAFF9}.Release|Any CPU.ActiveCfg = Release|Any CPU
		{8049728E-B7C2-C9E2-C272-F820509DAFF9}.Release|Any CPU.Build.0 = Release|Any CPU
		{4B9D02E3-14D2-6279-79F7-CB0BDD485031}.Debug|Any CPU.ActiveCfg = Debug|Any CPU
		{4B9D02E3-14D2-6279-79F7-CB0BDD485031}.Debug|Any CPU.Build.0 = Debug|Any CPU
		{4B9D02E3-14D2-6279-79F7-CB0BDD485031}.Release|Any CPU.ActiveCfg = Release|Any CPU
		{4B9D02E3-14D2-6279-79F7-CB0BDD485031}.Release|Any CPU.Build.0 = Release|Any CPU
		{32BCBF14-83C7-E972-CD9A-848E8E6F9153}.Debug|Any CPU.ActiveCfg = Debug|Any CPU
		{32BCBF14-83C7-E972-CD9A-848E8E6F9153}.Debug|Any CPU.Build.0 = Debug|Any CPU
		{32BCBF14-83C7-E972-CD9A-848E8E6F9153}.Release|Any CPU.ActiveCfg = Release|Any CPU
		{32BCBF14-83C7-E972-CD9A-848E8E6F9153}.Release|Any CPU.Build.0 = Release|Any CPU
		{90683245-B874-F8E3-0B66-34A2F894CB8A}.Debug|Any CPU.ActiveCfg = Debug|Any CPU
		{90683245-B874-F8E3-0B66-34A2F894CB8A}.Debug|Any CPU.Build.0 = Debug|Any CPU
		{90683245-B874-F8E3-0B66-34A2F894CB8A}.Release|Any CPU.ActiveCfg = Release|Any CPU
		{90683245-B874-F8E3-0B66-34A2F894CB8A}.Release|Any CPU.Build.0 = Release|Any CPU
		{4EDE7600-61E2-0F6E-69C8-71291C12ADC5}.Debug|Any CPU.ActiveCfg = Debug|Any CPU
		{4EDE7600-61E2-0F6E-69C8-71291C12ADC5}.Debug|Any CPU.Build.0 = Debug|Any CPU
		{4EDE7600-61E2-0F6E-69C8-71291C12ADC5}.Release|Any CPU.ActiveCfg = Release|Any CPU
		{4EDE7600-61E2-0F6E-69C8-71291C12ADC5}.Release|Any CPU.Build.0 = Release|Any CPU
		{9B6E42A8-4829-EFD9-39A0-1B7DD8CC78D5}.Debug|Any CPU.ActiveCfg = Debug|Any CPU
		{9B6E42A8-4829-EFD9-39A0-1B7DD8CC78D5}.Debug|Any CPU.Build.0 = Debug|Any CPU
		{9B6E42A8-4829-EFD9-39A0-1B7DD8CC78D5}.Release|Any CPU.ActiveCfg = Release|Any CPU
		{9B6E42A8-4829-EFD9-39A0-1B7DD8CC78D5}.Release|Any CPU.Build.0 = Release|Any CPU
	EndGlobalSection
	GlobalSection(SolutionProperties) = preSolution
		HideSolutionNode = FALSE
	EndGlobalSection
	GlobalSection(NestedProjects) = preSolution
		{8049728E-B7C2-C9E2-C272-F820509DAFF9} = {014F7562-9BC9-443B-99DC-A9014B37D4C9}
		{4B9D02E3-14D2-6279-79F7-CB0BDD485031} = {014F7562-9BC9-443B-99DC-A9014B37D4C9}
		{32BCBF14-83C7-E972-CD9A-848E8E6F9153} = {8660CEC3-9E8A-41FB-A0EB-B728CD811EE2}
		{90683245-B874-F8E3-0B66-34A2F894CB8A} = {02EA681E-C7D8-13C7-8484-4AC65E1B71E8}
		{4EDE7600-61E2-0F6E-69C8-71291C12ADC5} = {02EA681E-C7D8-13C7-8484-4AC65E1B71E8}
		{9B6E42A8-4829-EFD9-39A0-1B7DD8CC78D5} = {02EA681E-C7D8-13C7-8484-4AC65E1B71E8}
	EndGlobalSection
	GlobalSection(ExtensibilityGlobals) = postSolution
		SolutionGuid = {B82B52BC-1321-45E1-B43E-1CE335F8C6BB}
	EndGlobalSection
EndGlobal
